
Microsoft Visual Studio Solution File, Format Version 12.00
# Visual Studio Version 16
VisualStudioVersion = 16.0.30413.136
MinimumVisualStudioVersion = 10.0.40219.1
Project("{FAE04EC0-301F-11D3-BF4B-00C04F79EFBC}") = "EFCore", "EFCore.csproj", "{0D14245C-3EC5-4F31-BB30-44FE83D51CFF}"
EndProject
Global
	GlobalSection(SolutionConfigurationPlatforms) = preSolution
		Debug|Any CPU = Debug|Any CPU
		Release|Any CPU = Release|Any CPU
	EndGlobalSection
	GlobalSection(ProjectConfigurationPlatforms) = postSolution
		{0D14245C-3EC5-4F31-BB30-44FE83D51CFF}.Debug|Any CPU.ActiveCfg = Debug|Any CPU
		{0D14245C-3EC5-4F31-BB30-44FE83D51CFF}.Debug|Any CPU.Build.0 = Debug|Any CPU
		{0D14245C-3EC5-4F31-BB30-44FE83D51CFF}.Release|Any CPU.ActiveCfg = Release|Any CPU
		{0D14245C-3EC5-4F31-BB30-44FE83D51CFF}.Release|Any CPU.Build.0 = Release|Any CPU
	EndGlobalSection
	GlobalSection(SolutionProperties) = preSolution
		HideSolutionNode = FALSE
	EndGlobalSection
	GlobalSection(ExtensibilityGlobals) = postSolution
		SolutionGuid = {7B6A50FD-30BE-4F39-B83F-58808F37BC8A}
	EndGlobalSection
EndGlobal
